// !$*UTF8*$!
{
	archiveVersion = 1;
	classes = {
	};
	objectVersion = 77;
	objects = {

/* Begin PBXBuildFile section */
		A1B2C3D4E5F6000000000001 /* FirebaseCore in Frameworks */ = {isa = PBXBuildFile; productRef = A1B2C3D4E5F6000000000003 /* FirebaseCore */; };
		A1B2C3D4E5F6000000000002 /* FirebaseDatabase in Frameworks */ = {isa = PBXBuildFile; productRef = A1B2C3D4E5F6000000000004 /* FirebaseDatabase */; };
/* End PBXBuildFile section */

/* Begin PBXContainerItemProxy section */
		616104C630473EEC00DAF716 /* PBXContainerItemProxy */ = {
			isa = PBXContainerItemProxy;
			containerPortal = 616104A730473EE800DAF716 /* Project object */;
			proxyType = 1;
			remoteGlobalIDString = 616104AE30473EE900DAF716;
			remoteInfo = OfflineTaskBoard;
		};
		616104D030473EEC00DAF716 /* PBXContainerItemProxy */ = {
			isa = PBXContainerItemProxy;
			containerPortal = 616104A730473EE800DAF716 /* Project object */;
			proxyType = 1;
			remoteGlobalIDString = 616104AE30473EE900DAF716;
			remoteInfo = OfflineTaskBoard;
		};
/* End PBXContainerItemProxy section */

/* Begin PBXFileReference section */
		616104AF30473EE900DAF716 /* OfflineTaskBoard.app */ = {isa = PBXFileReference; explicitFileType = wrapper.application; includeInIndex = 0; path = OfflineTaskBoard.app; sourceTree = BUILT_PRODUCTS_DIR; };
		616104C530473EEC00DAF716 /* OfflineTaskBoardTests.xctest */ = {isa = PBXFileReference; explicitFileType = wrapper.cfbundle; includeInIndex = 0; path = OfflineTaskBoardTests.xctest; sourceTree = BUILT_PRODUCTS_DIR; };
		616104CF30473EEC00DAF716 /* OfflineTaskBoardUITests.xctest */ = {isa = PBXFileReference; explicitFileType = wrapper.cfbundle; includeInIndex = 0; path = OfflineTaskBoardUITests.xctest; sourceTree = BUILT_PRODUCTS_DIR; };
/* End PBXFileReference section */

/* Begin PBXFileSystemSynchronizedBuildFileExceptionSet section */
		616104D730473EEC00DAF716 /* Exceptions for "OfflineTaskBoard" folder in "OfflineTaskBoard" target */ = {
			isa = PBXFileSystemSynchronizedBuildFileExceptionSet;
			membershipExceptions = (
				Info.plist,
			);
			target = 616104AE30473EE900DAF716 /* OfflineTaskBoard */;
		};
/* End PBXFileSystemSynchronizedBuildFileExceptionSet section */

/* Begin PBXFileSystemSynchronizedRootGroup section */
		616104B130473EE900DAF716 /* OfflineTaskBoard */ = {
			isa = PBXFileSystemSynchronizedRootGroup;
			exceptions = (
				616104D730473EEC00DAF716 /* Exceptions for "OfflineTaskBoard" folder in "OfflineTaskBoard" target */,
			);
			path = OfflineTaskBoard;
			sourceTree = "<group>";
		};
		616104C830473EEC00DAF716 /* OfflineTaskBoardTests */ = {
			isa = PBXFileSystemSynchronizedRootGroup;
			path = OfflineTaskBoardTests;
			sourceTree = "<group>";
		};
		616104D230473EEC00DAF716 /* OfflineTaskBoardUITests */ = {
			isa = PBXFileSystemSynchronizedRootGroup;
			path = OfflineTaskBoardUITests;
			sourceTree = "<group>";
		};
/* End PBXFileSystemSynchronizedRootGroup section */

/* Begin PBXFrameworksBuildPhase section */
		616104AC30473EE900DAF716 /* Frameworks */ = {
			isa = PBXFrameworksBuildPhase;
			buildActionMask = 2147483647;
			files = (
				A1B2C3D4E5F6000000000001 /* FirebaseCore in Frameworks */,
				A1B2C3D4E5F6000000000002 /* FirebaseDatabase in Frameworks */,
			);
			runOnlyForDeploymentPostprocessing = 0;
		};
		616104C230473EEC00DAF716 /* Frameworks */ = {
			isa = PBXFrameworksBuildPhase;
			buildActionMask = 2147483647;
			files = (
			);
			runOnlyForDeploymentPostprocessing = 0;
		};
		616104CC30473EEC00DAF716 /* Frameworks */ = {
			isa = PBXFrameworksBuildPhase;
			buildActionMask = 2147483647;
			files = (
			);
			runOnlyForDeploymentPostprocessing = 0;
		};
/* End PBXFrameworksBuildPhase section */

/* Begin PBXGroup section */
		616104A630473EE800DAF716 = {
			isa = PBXGroup;
			children = (
				616104B130473EE900DAF716 /* OfflineTaskBoard */,
				616104C830473EEC00DAF716 /* OfflineTaskBoardTests */,
				616104D230473EEC00DAF716 /* OfflineTaskBoardUITests */,
				616104B030473EE900DAF716 /* Products */,
			);
			sourceTree = "<group>";
		};
		616104B030473EE900DAF716 /* Products */ = {
			isa = PBXGroup;
			children = (
				616104AF30473EE900DAF716 /* OfflineTaskBoard.app */,
				616104C530473EEC00DAF716 /* OfflineTaskBoardTests.xctest */,
				616104CF30473EEC00DAF716 /* OfflineTaskBoardUITests.xctest */,
			);
			name = Products;
			sourceTree = "<group>";
		};
/* End PBXGroup section */

/* Begin PBXNativeTarget section */
		616104AE30473EE900DAF716 /* OfflineTaskBoard */ = {
			isa = PBXNativeTarget;
			buildConfigurationList = 616104D830473EEC00DAF716 /* Build configuration list for PBXNativeTarget "OfflineTaskBoard" */;
			buildPhases = (
				616104AB30473EE900DAF716 /* Sources */,
				616104AC30473EE900DAF716 /* Frameworks */,
				616104AD30473EE900DAF716 /* Resources */,
			);
			buildRules = (
			);
			dependencies = (
			);
			fileSystemSynchronizedGroups = (
				616104B130473EE900DAF716 /* OfflineTaskBoard */,
			);
			name = OfflineTaskBoard;
			packageProductDependencies = (
				A1B2C3D4E5F6000000000003 /* FirebaseCore */,
				A1B2C3D4E5F6000000000004 /* FirebaseDatabase */,
			);
			productName = OfflineTaskBoard;
			productReference = 616104AF30473EE900DAF716 /* OfflineTaskBoard.app */;
			productType = "com.apple.product-type.application";
		};
		616104C430473EEC00DAF716 /* OfflineTaskBoardTests */ = {
			isa = PBXNativeTarget;
			buildConfigurationList = 616104DD30473EEC00DAF716 /* Build configuration list for PBXNativeTarget "OfflineTaskBoardTests" */;
			buildPhases = (
				616104C130473EEC00DAF716 /* Sources */,
				616104C230473EEC00DAF716 /* Frameworks */,
				616104C330473EEC00DAF716 /* Resources */,
			);
			buildRules = (
			);
			dependencies = (
				616104C730473EEC00DAF716 /* PBXTargetDependency */,
			);
			fileSystemSynchronizedGroups = (
				616104C830473EEC00DAF716 /* OfflineTaskBoardTests */,
			);
			name = OfflineTaskBoardTests;
			packageProductDependencies = (
			);
			productName = OfflineTaskBoardTests;
			productReference = 616104C530473EEC00DAF716 /* OfflineTaskBoardTests.xctest */;
			productType = "com.apple.product-type.bundle.unit-test";
		};
		616104CE30473EEC00DAF716 /* OfflineTaskBoardUITests */ = {
			isa = PBXNativeTarget;
			buildConfigurationList = 616104E030473EEC00DAF716 /* Build configuration list for PBXNativeTarget "OfflineTaskBoardUITests" */;
			buildPhases = (
				616104CB30473EEC00DAF716 /* Sources */,
				616104CC30473EEC00DAF716 /* Frameworks */,
				616104CD30473EEC00DAF716 /* Resources */,
			);
			buildRules = (
			);
			dependencies = (
				616104D130473EEC00DAF716 /* PBXTargetDependency */,
			);
			fileSystemSynchronizedGroups = (
				616104D230473EEC00DAF716 /* OfflineTaskBoardUITests */,
			);
			name = OfflineTaskBoardUITests;
			packageProductDependencies = (
			);
			productName = OfflineTaskBoardUITests;
			productReference = 616104CF30473EEC00DAF716 /* OfflineTaskBoardUITests.xctest */;
			productType = "com.apple.product-type.bundle.ui-testing";
		};
/* End PBXNativeTarget section */

/* Begin PBXProject section */
		616104A730473EE800DAF716 /* Project object */ = {
			isa = PBXProject;
			attributes = {
				BuildIndependentTargetsInParallel = 1;
				LastSwiftUpdateCheck = 1640;
				LastUpgradeCheck = 1640;
				TargetAttributes = {
					616104AE30473EE900DAF716 = {
						CreatedOnToolsVersion = 16.4;
					};
					616104C430473EEC00DAF716 = {
						CreatedOnToolsVersion = 16.4;
						TestTargetID = 616104AE30473EE900DAF716;
					};
					616104CE30473EEC00DAF716 = {
						CreatedOnToolsVersion = 16.4;
						TestTargetID = 616104AE30473EE900DAF716;
					};
				};
			};
			buildConfigurationList = 616104AA30473EE800DAF716 /* Build configuration list for PBXProject "OfflineTaskBoard" */;
			developmentRegion = en;
			hasScannedForEncodings = 0;
			knownRegions = (
				en,
				Base,
			);
			mainGroup = 616104A630473EE800DAF716;
			minimizedProjectReferenceProxies = 1;
			packageReferences = (
				A1B2C3D4E5F6000000000005 /* XCRemoteSwiftPackageReference "firebase-ios-sdk" */,
			);
			preferredProjectObjectVersion = 77;
			productRefGroup = 616104B030473EE900DAF716 /* Products */;
			projectDirPath = "";
			projectRoot = "";
			targets = (
				616104AE30473EE900DAF716 /* OfflineTaskBoard */,
				616104C430473EEC00DAF716 /* OfflineTaskBoardTests */,
				616104CE30473EEC00DAF716 /* OfflineTaskBoardUITests */,
			);
		};
/* End PBXProject section */

/* Begin PBXResourcesBuildPhase section */
		616104AD30473EE900DAF716 /* Resources */ = {
			isa = PBXResourcesBuildPhase;
			buildActionMask = 2147483647;
			files = (
			);
			runOnlyForDeploymentPostprocessing = 0;
		};
		616104C330473EEC00DAF716 /* Resources */ = {
			isa = PBXResourcesBuildPhase;
			buildActionMask = 2147483647;
			files = (
			);
			runOnlyForDeploymentPostprocessing = 0;
		};
		616104CD30473EEC00DAF716 /* Resources */ = {
			isa = PBXResourcesBuildPhase;
			buildActionMask = 2147483647;
			files = (
			);
			runOnlyForDeploymentPostprocessing = 0;
		};
/* End PBXResourcesBuildPhase section */

/* Begin PBXSourcesBuildPhase section */
		616104AB30473EE900DAF716 /* Sources */ = {
			isa = PBXSourcesBuildPhase;
			buildActionMask = 2147483647;
			files = (
			);
			runOnlyForDeploymentPostprocessing = 0;
		};
		616104C130473EEC00DAF716 /* Sources */ = {
			isa = PBXSourcesBuildPhase;
			buildActionMask = 2147483647;
			files = (
			);
			runOnlyForDeploymentPostprocessing = 0;
		};
		616104CB30473EEC00DAF716 /* Sources */ = {
			isa = PBXSourcesBuildPhase;
			buildActionMask = 2147483647;
			files = (
			);
			runOnlyForDeploymentPostprocessing = 0;
		};
/* End PBXSourcesBuildPhase section */

/* Begin PBXTargetDependency section */
		616104C730473EEC00DAF716 /* PBXTargetDependency */ = {
			isa = PBXTargetDependency;
			target = 616104AE30473EE900DAF716 /* OfflineTaskBoard */;
			targetProxy = 616104C630473EEC00DAF716 /* PBXContainerItemProxy */;
		};
		616104D130473EEC00DAF716 /* PBXTargetDependency */ = {
			isa = PBXTargetDependency;
			target = 616104AE30473EE900DAF716 /* OfflineTaskBoard */;
			targetProxy = 616104D030473EEC00DAF716 /* PBXContainerItemProxy */;
		};
/* End PBXTargetDependency section */

/* Begin XCBuildConfiguration section */
		616104D930473EEC00DAF716 /* Debug */ = {
			isa = XCBuildConfiguration;
			buildSettings = {
				ASSETCATALOG_COMPILER_APPICON_NAME = AppIcon;
				ASSETCATALOG_COMPILER_GLOBAL_ACCENT_COLOR_NAME = AccentColor;
				CODE_SIGN_STYLE = Automatic;
				CURRENT_PROJECT_VERSION = 1;
				DEVELOPMENT_TEAM = B84N7G297Q;
				GENERATE_INFOPLIST_FILE = YES;
				INFOPLIST_FILE = OfflineTaskBoard/Info.plist;
				INFOPLIST_KEY_UIApplicationSupportsIndirectInputEvents = YES;
				INFOPLIST_KEY_UILaunchStoryboardName = LaunchScreen;
				INFOPLIST_KEY_UIMainStoryboardFile = Main;
				INFOPLIST_KEY_UISupportedInterfaceOrientations_iPad = "UIInterfaceOrientationPortrait UIInterfaceOrientationPortraitUpsideDown UIInterfaceOrientationLandscapeLeft UIInterfaceOrientationLandscapeRight";
				INFOPLIST_KEY_UISupportedInterfaceOrientations_iPhone = "UIInterfaceOrientationPortrait UIInterfaceOrientationLandscapeLeft UIInterfaceOrientationLandscapeRight";
				LD_RUNPATH_SEARCH_PATHS = (
					"$(inherited)",
					"@executable_path/Frameworks",
				);
				MARKETING_VERSION = 1.0;
				PRODUCT_BUNDLE_IDENTIFIER = com.gargigarg.OfflineTaskBoard;
				PRODUCT_NAME = "$(TARGET_NAME)";
				SWIFT_EMIT_LOC_STRINGS = YES;
				SWIFT_VERSION = 5.0;
				TARGETED_DEVICE_FAMILY = "1,2";
			};
			name = Debug;
		};
		616104DA30473EEC00DAF716 /* Release */ = {
			isa = XCBuildConfiguration;
			buildSettings = {
				ASSETCATALOG_COMPILER_APPICON_NAME = AppIcon;
				ASSETCATALOG_COMPILER_GLOBAL_ACCENT_COLOR_NAME = AccentColor;
				CODE_SIGN_STYLE = Automatic;
				CURRENT_PROJECT_VERSION = 1;
				DEVELOPMENT_TEAM = B84N7G297Q;
				GENERATE_INFOPLIST_FILE = YES;
				INFOPLIST_FILE = OfflineTaskBoard/Info.plist;
				INFOPLIST_KEY_UIApplicationSupportsIndirectInputEvents = YES;
				INFOPLIST_KEY_UILaunchStoryboardName = LaunchScreen;
				INFOPLIST_KEY_UIMainStoryboardFile = Main;
				INFOPLIST_KEY_UISupportedInterfaceOrientations_iPad = "UIInterfaceOrientationPortrait UIInterfaceOrientationPortraitUpsideDown UIInterfaceOrientationLandscapeLeft UIInterfaceOrientationLandscapeRight";
				INFOPLIST_KEY_UISupportedInterfaceOrientations_iPhone = "UIInterfaceOrientationPortrait UIInterfaceOrientationLandscapeLeft UIInterfaceOrientationLandscapeRight";
				LD_RUNPATH_SEARCH_PATHS = (
					"$(inherited)",
					"@executable_path/Frameworks",
				);
				MARKETING_VERSION = 1.0;
				PRODUCT_BUNDLE_IDENTIFIER = com.gargigarg.OfflineTaskBoard;
				PRODUCT_NAME = "$(TARGET_NAME)";
				SWIFT_EMIT_LOC_STRINGS = YES;
				SWIFT_VERSION = 5.0;
				TARGETED_DEVICE_FAMILY = "1,2";
			};
			name = Release;
		};
		616104DB30473EEC00DAF716 /* Debug */ = {
			isa = XCBuildConfiguration;
			buildSettings = {
				ALWAYS_SEARCH_USER_PATHS = NO;
				ASSETCATALOG_COMPILER_GENERATE_SWIFT_ASSET_SYMBOL_EXTENSIONS = YES;
				CLANG_ANALYZER_NONNULL = YES;
				CLANG_ANALYZER_NUMBER_OBJECT_CONVERSION = YES_AGGRESSIVE;
				CLANG_CXX_LANGUAGE_STANDARD = "gnu++20";
				CLANG_ENABLE_MODULES = YES;
				CLANG_ENABLE_OBJC_ARC = YES;
				CLANG_ENABLE_OBJC_WEAK = YES;
				CLANG_WARN_BLOCK_CAPTURE_AUTORELEASING = YES;
				CLANG_WARN_BOOL_CONVERSION = YES;
				CLANG_WARN_COMMA = YES;
				CLANG_WARN_CONSTANT_CONVERSION = YES;
				CLANG_WARN_DEPRECATED_OBJC_IMPLEMENTATIONS = YES;
				CLANG_WARN_DIRECT_OBJC_ISA_USAGE = YES_ERROR;
				CLANG_WARN_DOCUMENTATION_COMMENTS = YES;
				CLANG_WARN_EMPTY_BODY = YES;
				CLANG_WARN_ENUM_CONVERSION = YES;
				CLANG_WARN_INFINITE_RECURSION = YES;
				CLANG_WARN_INT_CONVERSION = YES;
				CLANG_WARN_NON_LITERAL_NULL_CONVERSION = YES;
				CLANG_WARN_OBJC_IMPLICIT_RETAIN_SELF = YES;
				CLANG_WARN_OBJC_LITERAL_CONVERSION = YES;
				CLANG_WARN_OBJC_ROOT_CLASS = YES_ERROR;
				CLANG_WARN_QUOTED_INCLUDE_IN_FRAMEWORK_HEADER = YES;
				CLANG_WARN_RANGE_LOOP_ANALYSIS = YES;
				CLANG_WARN_STRICT_PROTOTYPES = YES;
				CLANG_WARN_SUSPICIOUS_MOVE = YES;
				CLANG_WARN_UNGUARDED_AVAILABILITY = YES_AGGRESSIVE;
				CLANG_WARN_UNREACHABLE_CODE = YES;
				CLANG_WARN__DUPLICATE_METHOD_MATCH = YES;
				COPY_PHASE_STRIP = NO;
				DEBUG_INFORMATION_FORMAT = dwarf;
				DEVELOPMENT_TEAM = B84N7G297Q;
				ENABLE_STRICT_OBJC_MSGSEND = YES;
				ENABLE_TESTABILITY = YES;
				ENABLE_USER_SCRIPT_SANDBOXING = YES;
				GCC_C_LANGUAGE_STANDARD = gnu17;
				GCC_DYNAMIC_NO_PIC = NO;
				GCC_NO_COMMON_BLOCKS = YES;
				GCC_OPTIMIZATION_LEVEL = 0;
				GCC_PREPROCESSOR_DEFINITIONS = (
					"DEBUG=1",
					"$(inherited)",
				);
				GCC_WARN_64_TO_32_BIT_CONVERSION = YES;
				GCC_WARN_ABOUT_RETURN_TYPE = YES_ERROR;
				GCC_WARN_UNDECLARED_SELECTOR = YES;
				GCC_WARN_UNINITIALIZED_AUTOS = YES_AGGRESSIVE;
				GCC_WARN_UNUSED_FUNCTION = YES;
				GCC_WARN_UNUSED_VARIABLE = YES;
				IPHONEOS_DEPLOYMENT_TARGET = 18.5;
				LOCALIZATION_PREFERS_STRING_CATALOGS = YES;
				MTL_ENABLE_DEBUG_INFO = INCLUDE_SOURCE;
				MTL_FAST_MATH = YES;
				ONLY_ACTIVE_ARCH = YES;
				SDKROOT = iphoneos;
				SWIFT_ACTIVE_COMPILATION_CONDITIONS = "DEBUG $(inherited)";
				SWIFT_OPTIMIZATION_LEVEL = "-Onone";
			};
			name = Debug;
		};
		616104DC30473EEC00DAF716 /* Release */ = {
			isa = XCBuildConfiguration;
			buildSettings = {
				ALWAYS_SEARCH_USER_PATHS = NO;
				ASSETCATALOG_COMPILER_GENERATE_SWIFT_ASSET_SYMBOL_EXTENSIONS = YES;
				CLANG_ANALYZER_NONNULL = YES;
				CLANG_ANALYZER_NUMBER_OBJECT_CONVERSION = YES_AGGRESSIVE;
				CLANG_CXX_LANGUAGE_STANDARD = "gnu++20";
				CLANG_ENABLE_MODULES = YES;
				CLANG_ENABLE_OBJC_ARC = YES;
				CLANG_ENABLE_OBJC_WEAK = YES;
				CLANG_WARN_BLOCK_CAPTURE_AUTORELEASING = YES;
				CLANG_WARN_BOOL_CONVERSION = YES;
				CLANG_WARN_COMMA = YES;
				CLANG_WARN_CONSTANT_CONVERSION = YES;
				CLANG_WARN_DEPRECATED_OBJC_IMPLEMENTATIONS = YES;
				CLANG_WARN_DIRECT_OBJC_ISA_USAGE = YES_ERROR;
				CLANG_WARN_DOCUMENTATION_COMMENTS = YES;
				CLANG_WARN_EMPTY_BODY = YES;
				CLANG_WARN_ENUM_CONVERSION = YES;
				CLANG_WARN_INFINITE_RECURSION = YES;
				CLANG_WARN_INT_CONVERSION = YES;
				CLANG_WARN_NON_LITERAL_NULL_CONVERSION = YES;
				CLANG_WARN_OBJC_IMPLICIT_RETAIN_SELF = YES;
				CLANG_WARN_OBJC_LITERAL_CONVERSION = YES;
				CLANG_WARN_OBJC_ROOT_CLASS = YES_ERROR;
				CLANG_WARN_QUOTED_INCLUDE_IN_FRAMEWORK_HEADER = YES;
				CLANG_WARN_RANGE_LOOP_ANALYSIS = YES;
				CLANG_WARN_STRICT_PROTOTYPES = YES;
				CLANG_WARN_SUSPICIOUS_MOVE = YES;
				CLANG_WARN_UNGUARDED_AVAILABILITY = YES_AGGRESSIVE;
				CLANG_WARN_UNREACHABLE_CODE = YES;
				CLANG_WARN__DUPLICATE_METHOD_MATCH = YES;
				COPY_PHASE_STRIP = NO;
				DEBUG_INFORMATION_FORMAT = "dwarf-with-dsym";
				DEVELOPMENT_TEAM = B84N7G297Q;
				ENABLE_NS_ASSERTIONS = NO;
				ENABLE_STRICT_OBJC_MSGSEND = YES;
				ENABLE_USER_SCRIPT_SANDBOXING = YES;
				GCC_C_LANGUAGE_STANDARD = gnu17;
				GCC_NO_COMMON_BLOCKS = YES;
				GCC_WARN_64_TO_32_BIT_CONVERSION = YES;
				GCC_WARN_ABOUT_RETURN_TYPE = YES_ERROR;
				GCC_WARN_UNDECLARED_SELECTOR = YES;
				GCC_WARN_UNINITIALIZED_AUTOS = YES_AGGRESSIVE;
				GCC_WARN_UNUSED_FUNCTION = YES;
				GCC_WARN_UNUSED_VARIABLE = YES;
				IPHONEOS_DEPLOYMENT_TARGET = 18.5;
				LOCALIZATION_PREFERS_STRING_CATALOGS = YES;
				MTL_ENABLE_DEBUG_INFO = NO;
				MTL_FAST_MATH = YES;
				SDKROOT = iphoneos;
				SWIFT_COMPILATION_MODE = wholemodule;
				VALIDATE_PRODUCT = YES;
			};
			name = Release;
		};
		616104DE30473EEC00DAF716 /* Debug */ = {
			isa = XCBuildConfiguration;
			buildSettings = {
				BUNDLE_LOADER = "$(TEST_HOST)";
				CODE_SIGN_STYLE = Automatic;
				CURRENT_PROJECT_VERSION = 1;
				DEVELOPMENT_TEAM = B84N7G297Q;
				GENERATE_INFOPLIST_FILE = YES;
				IPHONEOS_DEPLOYMENT_TARGET = 18.5;
				MARKETING_VERSION = 1.0;
				PRODUCT_BUNDLE_IDENTIFIER = com.gargigarg.OfflineTaskBoardTests;
				PRODUCT_NAME = "$(TARGET_NAME)";
				SWIFT_EMIT_LOC_STRINGS = NO;
				SWIFT_VERSION = 5.0;
				TARGETED_DEVICE_FAMILY = "1,2";
				TEST_HOST = "$(BUILT_PRODUCTS_DIR)/OfflineTaskBoard.app/$(BUNDLE_EXECUTABLE_FOLDER_PATH)/OfflineTaskBoard";
			};
			name = Debug;
		};
		616104DF30473EEC00DAF716 /* Release */ = {
			isa = XCBuildConfiguration;
			buildSettings = {
				BUNDLE_LOADER = "$(TEST_HOST)";
				CODE_SIGN_STYLE = Automatic;
				CURRENT_PROJECT_VERSION = 1;
				DEVELOPMENT_TEAM = B84N7G297Q;
				GENERATE_INFOPLIST_FILE = YES;
				IPHONEOS_DEPLOYMENT_TARGET = 18.5;
				MARKETING_VERSION = 1.0;
				PRODUCT_BUNDLE_IDENTIFIER = com.gargigarg.OfflineTaskBoardTests;
				PRODUCT_NAME = "$(TARGET_NAME)";
				SWIFT_EMIT_LOC_STRINGS = NO;
				SWIFT_VERSION = 5.0;
				TARGETED_DEVICE_FAMILY = "1,2";
				TEST_HOST = "$(BUILT_PRODUCTS_DIR)/OfflineTaskBoard.app/$(BUNDLE_EXECUTABLE_FOLDER_PATH)/OfflineTaskBoard";
			};
			name = Release;
		};
		616104E130473EEC00DAF716 /* Debug */ = {
			isa = XCBuildConfiguration;
			buildSettings = {
				CODE_SIGN_STYLE = Automatic;
				CURRENT_PROJECT_VERSION = 1;
				DEVELOPMENT_TEAM = B84N7G297Q;
				GENERATE_INFOPLIST_FILE = YES;
				MARKETING_VERSION = 1.0;
				PRODUCT_BUNDLE_IDENTIFIER = com.gargigarg.OfflineTaskBoardUITests;
				PRODUCT_NAME = "$(TARGET_NAME)";
				SWIFT_EMIT_LOC_STRINGS = NO;
				SWIFT_VERSION = 5.0;
				TARGETED_DEVICE_FAMILY = "1,2";
				TEST_TARGET_NAME = OfflineTaskBoard;
			};
			name = Debug;
		};
		616104E230473EEC00DAF716 /* Release */ = {
			isa = XCBuildConfiguration;
			buildSettings = {
				CODE_SIGN_STYLE = Automatic;
				CURRENT_PROJECT_VERSION = 1;
				DEVELOPMENT_TEAM = B84N7G297Q;
				GENERATE_INFOPLIST_FILE = YES;
				MARKETING_VERSION = 1.0;
				PRODUCT_BUNDLE_IDENTIFIER = com.gargigarg.OfflineTaskBoardUITests;
				PRODUCT_NAME = "$(TARGET_NAME)";
				SWIFT_EMIT_LOC_STRINGS = NO;
				SWIFT_VERSION = 5.0;
				TARGETED_DEVICE_FAMILY = "1,2";
				TEST_TARGET_NAME = OfflineTaskBoard;
			};
			name = Release;
		};
/* End XCBuildConfiguration section */

/* Begin XCConfigurationList section */
		616104AA30473EE800DAF716 /* Build configuration list for PBXProject "OfflineTaskBoard" */ = {
			isa = XCConfigurationList;
			buildConfigurations = (
				616104DB30473EEC00DAF716 /* Debug */,
				616104DC30473EEC00DAF716 /* Release */,
			);
			defaultConfigurationIsVisible = 0;
			defaultConfigurationName = Release;
		};
		616104D830473EEC00DAF716 /* Build configuration list for PBXNativeTarget "OfflineTaskBoard" */ = {
			isa = XCConfigurationList;
			buildConfigurations = (
				616104D930473EEC00DAF716 /* Debug */,
				616104DA30473EEC00DAF716 /* Release */,
			);
			defaultConfigurationIsVisible = 0;
			defaultConfigurationName = Release;
		};
		616104DD30473EEC00DAF716 /* Build configuration list for PBXNativeTarget "OfflineTaskBoardTests" */ = {
			isa = XCConfigurationList;
			buildConfigurations = (
				616104DE30473EEC00DAF716 /* Debug */,
				616104DF30473EEC00DAF716 /* Release */,
			);
			defaultConfigurationIsVisible = 0;
			defaultConfigurationName = Release;
		};
		616104E030473EEC00DAF716 /* Build configuration list for PBXNativeTarget "OfflineTaskBoardUITests" */ = {
			isa = XCConfigurationList;
			buildConfigurations = (
				616104E130473EEC00DAF716 /* Debug */,
				616104E230473EEC00DAF716 /* Release */,
			);
			defaultConfigurationIsVisible = 0;
			defaultConfigurationName = Release;
		};
/* End XCConfigurationList section */

/* Begin XCRemoteSwiftPackageReference section */
		A1B2C3D4E5F6000000000005 /* XCRemoteSwiftPackageReference "firebase-ios-sdk" */ = {
			isa = XCRemoteSwiftPackageReference;
			repositoryURL = "https://github.com/firebase/firebase-ios-sdk.git";
			requirement = {
				kind = upToNextMajorVersion;
				minimumVersion = 12.0.0;
			};
		};
/* End XCRemoteSwiftPackageReference section */

/* Begin XCSwiftPackageProductDependency section */
		A1B2C3D4E5F6000000000003 /* FirebaseCore */ = {
			isa = XCSwiftPackageProductDependency;
			package = A1B2C3D4E5F6000000000005 /* XCRemoteSwiftPackageReference "firebase-ios-sdk" */;
			productName = FirebaseCore;
		};
		A1B2C3D4E5F6000000000004 /* FirebaseDatabase */ = {
			isa = XCSwiftPackageProductDependency;
			package = A1B2C3D4E5F6000000000005 /* XCRemoteSwiftPackageReference "firebase-ios-sdk" */;
			productName = FirebaseDatabase;
		};
/* End XCSwiftPackageProductDependency section */
	};
	rootObject = 616104A730473EE800DAF716 /* Project object */;
}
